
Microsoft Visual Studio Solution File, Format Version 12.00
# Visual Studio Version 16
VisualStudioVersion = 16.0.30104.148
MinimumVisualStudioVersion = 10.0.40219.1
Project("{FAE04EC0-301F-11D3-BF4B-00C04F79EFBC}") = "GeometricalObjects", "GeometricalObjects\GeometricalObjects.csproj", "{E224FC31-267B-4CAE-BD0C-AC96425596FB}"
EndProject
Global
	GlobalSection(SolutionConfigurationPlatforms) = preSolution
		Debug|Any CPU = Debug|Any CPU
		Release|Any CPU = Release|Any CPU
	EndGlobalSection
	GlobalSection(ProjectConfigurationPlatforms) = postSolution
		{E224FC31-267B-4CAE-BD0C-AC96425596FB}.Debug|Any CPU.ActiveCfg = Debug|Any CPU
		{E224FC31-267B-4CAE-BD0C-AC96425596FB}.Debug|Any CPU.Build.0 = Debug|Any CPU
		{E224FC31-267B-4CAE-BD0C-AC96425596FB}.Release|Any CPU.ActiveCfg = Release|Any CPU
		{E224FC31-267B-4CAE-BD0C-AC96425596FB}.Release|Any CPU.Build.0 = Release|Any CPU
	EndGlobalSection
	GlobalSection(SolutionProperties) = preSolution
		HideSolutionNode = FALSE
	EndGlobalSection
	GlobalSection(ExtensibilityGlobals) = postSolution
		SolutionGuid = {CE5049DB-2C89-4A22-B945-7CAD6FFC57FE}
	EndGlobalSection
EndGlobal
